// !$*UTF8*$!
{
	archiveVersion = 1;
	classes = {
	};
	objectVersion = 56;
	objects = {

/* Begin PBXBuildFile section */
		622B1FE32BC1D4E5003569DE /* RMService.swift in Sources */ = {isa = PBXBuildFile; fileRef = 622B1FE22BC1D4E5003569DE /* RMService.swift */; };
		622B1FE52BC1D7A6003569DE /* RMRequest.swift in Sources */ = {isa = PBXBuildFile; fileRef = 622B1FE42BC1D7A6003569DE /* RMRequest.swift */; };
		622B1FE72BC1D7CE003569DE /* RMEndpoint.swift in Sources */ = {isa = PBXBuildFile; fileRef = 622B1FE62BC1D7CE003569DE /* RMEndpoint.swift */; };
		625C34802BC0F39100D7C803 /* RMLocation.swift in Sources */ = {isa = PBXBuildFile; fileRef = 625C347F2BC0F39100D7C803 /* RMLocation.swift */; };
		625C34822BC0F3A100D7C803 /* RMCharacter.swift in Sources */ = {isa = PBXBuildFile; fileRef = 625C34812BC0F3A100D7C803 /* RMCharacter.swift */; };
		625C34842BC0F3B200D7C803 /* RMEpisode.swift in Sources */ = {isa = PBXBuildFile; fileRef = 625C34832BC0F3B200D7C803 /* RMEpisode.swift */; };
		625C34882BC0F4C700D7C803 /* RMCharacterViewController.swift in Sources */ = {isa = PBXBuildFile; fileRef = 625C34872BC0F4C700D7C803 /* RMCharacterViewController.swift */; };
		625C348A2BC0F4DB00D7C803 /* RMLocationViewController.swift in Sources */ = {isa = PBXBuildFile; fileRef = 625C34892BC0F4DB00D7C803 /* RMLocationViewController.swift */; };
		625C348C2BC0F4E800D7C803 /* RMEpisodeViewController.swift in Sources */ = {isa = PBXBuildFile; fileRef = 625C348B2BC0F4E800D7C803 /* RMEpisodeViewController.swift */; };
		625C348E2BC0F50200D7C803 /* RMSettingsViewController.swift in Sources */ = {isa = PBXBuildFile; fileRef = 625C348D2BC0F50200D7C803 /* RMSettingsViewController.swift */; };
		628E05C32BBF99670090A6CB /* AppDelegate.swift in Sources */ = {isa = PBXBuildFile; fileRef = 628E05C22BBF99670090A6CB /* AppDelegate.swift */; };
		628E05C52BBF99670090A6CB /* SceneDelegate.swift in Sources */ = {isa = PBXBuildFile; fileRef = 628E05C42BBF99670090A6CB /* SceneDelegate.swift */; };
		628E05C72BBF99670090A6CB /* RMTabBarController.swift in Sources */ = {isa = PBXBuildFile; fileRef = 628E05C62BBF99670090A6CB /* RMTabBarController.swift */; };
		628E05CC2BBF99680090A6CB /* Assets.xcassets in Resources */ = {isa = PBXBuildFile; fileRef = 628E05CB2BBF99680090A6CB /* Assets.xcassets */; };
		628E05CF2BBF99680090A6CB /* Base in Resources */ = {isa = PBXBuildFile; fileRef = 628E05CE2BBF99680090A6CB /* Base */; };
/* End PBXBuildFile section */

/* Begin PBXFileReference section */
		622B1FE22BC1D4E5003569DE /* RMService.swift */ = {isa = PBXFileReference; lastKnownFileType = sourcecode.swift; path = RMService.swift; sourceTree = "<group>"; };
		622B1FE42BC1D7A6003569DE /* RMRequest.swift */ = {isa = PBXFileReference; lastKnownFileType = sourcecode.swift; path = RMRequest.swift; sourceTree = "<group>"; };
		622B1FE62BC1D7CE003569DE /* RMEndpoint.swift */ = {isa = PBXFileReference; lastKnownFileType = sourcecode.swift; path = RMEndpoint.swift; sourceTree = "<group>"; };
		625C347F2BC0F39100D7C803 /* RMLocation.swift */ = {isa = PBXFileReference; lastKnownFileType = sourcecode.swift; path = RMLocation.swift; sourceTree = "<group>"; };
		625C34812BC0F3A100D7C803 /* RMCharacter.swift */ = {isa = PBXFileReference; lastKnownFileType = sourcecode.swift; path = RMCharacter.swift; sourceTree = "<group>"; };
		625C34832BC0F3B200D7C803 /* RMEpisode.swift */ = {isa = PBXFileReference; lastKnownFileType = sourcecode.swift; path = RMEpisode.swift; sourceTree = "<group>"; };
		625C34872BC0F4C700D7C803 /* RMCharacterViewController.swift */ = {isa = PBXFileReference; lastKnownFileType = sourcecode.swift; path = RMCharacterViewController.swift; sourceTree = "<group>"; };
		625C34892BC0F4DB00D7C803 /* RMLocationViewController.swift */ = {isa = PBXFileReference; lastKnownFileType = sourcecode.swift; path = RMLocationViewController.swift; sourceTree = "<group>"; };
		625C348B2BC0F4E800D7C803 /* RMEpisodeViewController.swift */ = {isa = PBXFileReference; lastKnownFileType = sourcecode.swift; path = RMEpisodeViewController.swift; sourceTree = "<group>"; };
		625C348D2BC0F50200D7C803 /* RMSettingsViewController.swift */ = {isa = PBXFileReference; lastKnownFileType = sourcecode.swift; path = RMSettingsViewController.swift; sourceTree = "<group>"; };
		628E05BF2BBF99670090A6CB /* RickAndMorty.app */ = {isa = PBXFileReference; explicitFileType = wrapper.application; includeInIndex = 0; path = RickAndMorty.app; sourceTree = BUILT_PRODUCTS_DIR; };
		628E05C22BBF99670090A6CB /* AppDelegate.swift */ = {isa = PBXFileReference; lastKnownFileType = sourcecode.swift; path = AppDelegate.swift; sourceTree = "<group>"; };
		628E05C42BBF99670090A6CB /* SceneDelegate.swift */ = {isa = PBXFileReference; lastKnownFileType = sourcecode.swift; path = SceneDelegate.swift; sourceTree = "<group>"; };
		628E05C62BBF99670090A6CB /* RMTabBarController.swift */ = {isa = PBXFileReference; lastKnownFileType = sourcecode.swift; path = RMTabBarController.swift; sourceTree = "<group>"; };
		628E05CB2BBF99680090A6CB /* Assets.xcassets */ = {isa = PBXFileReference; lastKnownFileType = folder.assetcatalog; path = Assets.xcassets; sourceTree = "<group>"; };
		628E05CE2BBF99680090A6CB /* Base */ = {isa = PBXFileReference; lastKnownFileType = file.storyboard; name = Base; path = Base.lproj/LaunchScreen.storyboard; sourceTree = "<group>"; };
		628E05D02BBF99680090A6CB /* Info.plist */ = {isa = PBXFileReference; lastKnownFileType = text.plist.xml; path = Info.plist; sourceTree = "<group>"; };
/* End PBXFileReference section */

/* Begin PBXFrameworksBuildPhase section */
		628E05BC2BBF99670090A6CB /* Frameworks */ = {
			isa = PBXFrameworksBuildPhase;
			buildActionMask = 2147483647;
			files = (
			);
			runOnlyForDeploymentPostprocessing = 0;
		};
/* End PBXFrameworksBuildPhase section */

/* Begin PBXGroup section */
		625C34782BC0F1FF00D7C803 /* Controllers */ = {
			isa = PBXGroup;
			children = (
				625C34852BC0F48F00D7C803 /* Core */,
			);
			path = Controllers;
			sourceTree = "<group>";
		};
		625C34792BC0F21000D7C803 /* Views */ = {
			isa = PBXGroup;
			children = (
			);
			path = Views;
			sourceTree = "<group>";
		};
		625C347A2BC0F21A00D7C803 /* Models */ = {
			isa = PBXGroup;
			children = (
				625C347F2BC0F39100D7C803 /* RMLocation.swift */,
				625C34812BC0F3A100D7C803 /* RMCharacter.swift */,
				625C34832BC0F3B200D7C803 /* RMEpisode.swift */,
			);
			path = Models;
			sourceTree = "<group>";
		};
		625C347B2BC0F22500D7C803 /* ViewModels */ = {
			isa = PBXGroup;
			children = (
			);
			path = ViewModels;
			sourceTree = "<group>";
		};
		625C347C2BC0F24600D7C803 /* Resources */ = {
			isa = PBXGroup;
			children = (
				628E05CB2BBF99680090A6CB /* Assets.xcassets */,
				628E05CD2BBF99680090A6CB /* LaunchScreen.storyboard */,
				628E05C22BBF99670090A6CB /* AppDelegate.swift */,
				628E05C42BBF99670090A6CB /* SceneDelegate.swift */,
			);
			path = Resources;
			sourceTree = "<group>";
		};
		625C347D2BC0F28500D7C803 /* APIClient */ = {
			isa = PBXGroup;
			children = (
				622B1FE22BC1D4E5003569DE /* RMService.swift */,
				622B1FE42BC1D7A6003569DE /* RMRequest.swift */,
				622B1FE62BC1D7CE003569DE /* RMEndpoint.swift */,
			);
			path = APIClient;
			sourceTree = "<group>";
		};
		625C347E2BC0F29900D7C803 /* Managers */ = {
			isa = PBXGroup;
			children = (
			);
			path = Managers;
			sourceTree = "<group>";
		};
		625C34852BC0F48F00D7C803 /* Core */ = {
			isa = PBXGroup;
			children = (
				628E05C62BBF99670090A6CB /* RMTabBarController.swift */,
				625C34872BC0F4C700D7C803 /* RMCharacterViewController.swift */,
				625C34892BC0F4DB00D7C803 /* RMLocationViewController.swift */,
				625C348B2BC0F4E800D7C803 /* RMEpisodeViewController.swift */,
				625C348D2BC0F50200D7C803 /* RMSettingsViewController.swift */,
			);
			path = Core;
			sourceTree = "<group>";
		};
		628E05B62BBF99670090A6CB = {
			isa = PBXGroup;
			children = (
				628E05C12BBF99670090A6CB /* RickAndMorty */,
				628E05C02BBF99670090A6CB /* Products */,
			);
			sourceTree = "<group>";
		};
		628E05C02BBF99670090A6CB /* Products */ = {
			isa = PBXGroup;
			children = (
				628E05BF2BBF99670090A6CB /* RickAndMorty.app */,
			);
			name = Products;
			sourceTree = "<group>";
		};
		628E05C12BBF99670090A6CB /* RickAndMorty */ = {
			isa = PBXGroup;
			children = (
				625C347E2BC0F29900D7C803 /* Managers */,
				625C347D2BC0F28500D7C803 /* APIClient */,
				625C347C2BC0F24600D7C803 /* Resources */,
				625C347B2BC0F22500D7C803 /* ViewModels */,
				625C347A2BC0F21A00D7C803 /* Models */,
				625C34792BC0F21000D7C803 /* Views */,
				625C34782BC0F1FF00D7C803 /* Controllers */,
				628E05D02BBF99680090A6CB /* Info.plist */,
			);
			path = RickAndMorty;
			sourceTree = "<group>";
		};
/* End PBXGroup section */

/* Begin PBXNativeTarget section */
		628E05BE2BBF99670090A6CB /* RickAndMorty */ = {
			isa = PBXNativeTarget;
			buildConfigurationList = 628E05D32BBF99680090A6CB /* Build configuration list for PBXNativeTarget "RickAndMorty" */;
			buildPhases = (
				628E05BB2BBF99670090A6CB /* Sources */,
				628E05BC2BBF99670090A6CB /* Frameworks */,
				628E05BD2BBF99670090A6CB /* Resources */,
			);
			buildRules = (
			);
			dependencies = (
			);
			name = RickAndMorty;
			productName = RickAndMorty;
			productReference = 628E05BF2BBF99670090A6CB /* RickAndMorty.app */;
			productType = "com.apple.product-type.application";
		};
/* End PBXNativeTarget section */

/* Begin PBXProject section */
		628E05B72BBF99670090A6CB /* Project object */ = {
			isa = PBXProject;
			attributes = {
				BuildIndependentTargetsInParallel = 1;
				LastSwiftUpdateCheck = 1530;
				LastUpgradeCheck = 1530;
				TargetAttributes = {
					628E05BE2BBF99670090A6CB = {
						CreatedOnToolsVersion = 15.3;
					};
				};
			};
			buildConfigurationList = 628E05BA2BBF99670090A6CB /* Build configuration list for PBXProject "RickAndMorty" */;
			compatibilityVersion = "Xcode 14.0";
			developmentRegion = en;
			hasScannedForEncodings = 0;
			knownRegions = (
				en,
				Base,
			);
			mainGroup = 628E05B62BBF99670090A6CB;
			productRefGroup = 628E05C02BBF99670090A6CB /* Products */;
			projectDirPath = "";
			projectRoot = "";
			targets = (
				628E05BE2BBF99670090A6CB /* RickAndMorty */,
			);
		};
/* End PBXProject section */

/* Begin PBXResourcesBuildPhase section */
		628E05BD2BBF99670090A6CB /* Resources */ = {
			isa = PBXResourcesBuildPhase;
			buildActionMask = 2147483647;
			files = (
				628E05CC2BBF99680090A6CB /* Assets.xcassets in Resources */,
				628E05CF2BBF99680090A6CB /* Base in Resources */,
			);
			runOnlyForDeploymentPostprocessing = 0;
		};
/* End PBXResourcesBuildPhase section */

/* Begin PBXSourcesBuildPhase section */
		628E05BB2BBF99670090A6CB /* Sources */ = {
			isa = PBXSourcesBuildPhase;
			buildActionMask = 2147483647;
			files = (
				625C348A2BC0F4DB00D7C803 /* RMLocationViewController.swift in Sources */,
				625C34842BC0F3B200D7C803 /* RMEpisode.swift in Sources */,
				628E05C72BBF99670090A6CB /* RMTabBarController.swift in Sources */,
				625C348C2BC0F4E800D7C803 /* RMEpisodeViewController.swift in Sources */,
				628E05C32BBF99670090A6CB /* AppDelegate.swift in Sources */,
				628E05C52BBF99670090A6CB /* SceneDelegate.swift in Sources */,
				625C348E2BC0F50200D7C803 /* RMSettingsViewController.swift in Sources */,
				622B1FE32BC1D4E5003569DE /* RMService.swift in Sources */,
				625C34802BC0F39100D7C803 /* RMLocation.swift in Sources */,
				622B1FE72BC1D7CE003569DE /* RMEndpoint.swift in Sources */,
				625C34822BC0F3A100D7C803 /* RMCharacter.swift in Sources */,
				622B1FE52BC1D7A6003569DE /* RMRequest.swift in Sources */,
				625C34882BC0F4C700D7C803 /* RMCharacterViewController.swift in Sources */,
			);
			runOnlyForDeploymentPostprocessing = 0;
		};
/* End PBXSourcesBuildPhase section */

/* Begin PBXVariantGroup section */
		628E05CD2BBF99680090A6CB /* LaunchScreen.storyboard */ = {
			isa = PBXVariantGroup;
			children = (
				628E05CE2BBF99680090A6CB /* Base */,
			);
			name = LaunchScreen.storyboard;
			sourceTree = "<group>";
		};
/* End PBXVariantGroup section */

/* Begin XCBuildConfiguration section */
		628E05D12BBF99680090A6CB /* Debug */ = {
			isa = XCBuildConfiguration;
			buildSettings = {
				ALWAYS_SEARCH_USER_PATHS = NO;
				ASSETCATALOG_COMPILER_GENERATE_SWIFT_ASSET_SYMBOL_EXTENSIONS = YES;
				CLANG_ANALYZER_NONNULL = YES;
				CLANG_ANALYZER_NUMBER_OBJECT_CONVERSION = YES_AGGRESSIVE;
				CLANG_CXX_LANGUAGE_STANDARD = "gnu++20";
				CLANG_ENABLE_MODULES = YES;
				CLANG_ENABLE_OBJC_ARC = YES;
				CLANG_ENABLE_OBJC_WEAK = YES;
				CLANG_WARN_BLOCK_CAPTURE_AUTORELEASING = YES;
				CLANG_WARN_BOOL_CONVERSION = YES;
				CLANG_WARN_COMMA = YES;
				CLANG_WARN_CONSTANT_CONVERSION = YES;
				CLANG_WARN_DEPRECATED_OBJC_IMPLEMENTATIONS = YES;
				CLANG_WARN_DIRECT_OBJC_ISA_USAGE = YES_ERROR;
				CLANG_WARN_DOCUMENTATION_COMMENTS = YES;
				CLANG_WARN_EMPTY_BODY = YES;
				CLANG_WARN_ENUM_CONVERSION = YES;
				CLANG_WARN_INFINITE_RECURSION = YES;
				CLANG_WARN_INT_CONVERSION = YES;
				CLANG_WARN_NON_LITERAL_NULL_CONVERSION = YES;
				CLANG_WARN_OBJC_IMPLICIT_RETAIN_SELF = YES;
				CLANG_WARN_OBJC_LITERAL_CONVERSION = YES;
				CLANG_WARN_OBJC_ROOT_CLASS = YES_ERROR;
				CLANG_WARN_QUOTED_INCLUDE_IN_FRAMEWORK_HEADER = YES;
				CLANG_WARN_RANGE_LOOP_ANALYSIS = YES;
				CLANG_WARN_STRICT_PROTOTYPES = YES;
				CLANG_WARN_SUSPICIOUS_MOVE = YES;
				CLANG_WARN_UNGUARDED_AVAILABILITY = YES_AGGRESSIVE;
				CLANG_WARN_UNREACHABLE_CODE = YES;
				CLANG_WARN__DUPLICATE_METHOD_MATCH = YES;
				COPY_PHASE_STRIP = NO;
				DEBUG_INFORMATION_FORMAT = dwarf;
				ENABLE_STRICT_OBJC_MSGSEND = YES;
				ENABLE_TESTABILITY = YES;
				ENABLE_USER_SCRIPT_SANDBOXING = YES;
				GCC_C_LANGUAGE_STANDARD = gnu17;
				GCC_DYNAMIC_NO_PIC = NO;
				GCC_NO_COMMON_BLOCKS = YES;
				GCC_OPTIMIZATION_LEVEL = 0;
				GCC_PREPROCESSOR_DEFINITIONS = (
					"DEBUG=1",
					"$(inherited)",
				);
				GCC_WARN_64_TO_32_BIT_CONVERSION = YES;
				GCC_WARN_ABOUT_RETURN_TYPE = YES_ERROR;
				GCC_WARN_UNDECLARED_SELECTOR = YES;
				GCC_WARN_UNINITIALIZED_AUTOS = YES_AGGRESSIVE;
				GCC_WARN_UNUSED_FUNCTION = YES;
				GCC_WARN_UNUSED_VARIABLE = YES;
				IPHONEOS_DEPLOYMENT_TARGET = 17.4;
				LOCALIZATION_PREFERS_STRING_CATALOGS = YES;
				MTL_ENABLE_DEBUG_INFO = INCLUDE_SOURCE;
				MTL_FAST_MATH = YES;
				ONLY_ACTIVE_ARCH = YES;
				SDKROOT = iphoneos;
				SWIFT_ACTIVE_COMPILATION_CONDITIONS = "DEBUG $(inherited)";
				SWIFT_OPTIMIZATION_LEVEL = "-Onone";
			};
			name = Debug;
		};
		628E05D22BBF99680090A6CB /* Release */ = {
			isa = XCBuildConfiguration;
			buildSettings = {
				ALWAYS_SEARCH_USER_PATHS = NO;
				ASSETCATALOG_COMPILER_GENERATE_SWIFT_ASSET_SYMBOL_EXTENSIONS = YES;
				CLANG_ANALYZER_NONNULL = YES;
				CLANG_ANALYZER_NUMBER_OBJECT_CONVERSION = YES_AGGRESSIVE;
				CLANG_CXX_LANGUAGE_STANDARD = "gnu++20";
				CLANG_ENABLE_MODULES = YES;
				CLANG_ENABLE_OBJC_ARC = YES;
				CLANG_ENABLE_OBJC_WEAK = YES;
				CLANG_WARN_BLOCK_CAPTURE_AUTORELEASING = YES;
				CLANG_WARN_BOOL_CONVERSION = YES;
				CLANG_WARN_COMMA = YES;
				CLANG_WARN_CONSTANT_CONVERSION = YES;
				CLANG_WARN_DEPRECATED_OBJC_IMPLEMENTATIONS = YES;
				CLANG_WARN_DIRECT_OBJC_ISA_USAGE = YES_ERROR;
				CLANG_WARN_DOCUMENTATION_COMMENTS = YES;
				CLANG_WARN_EMPTY_BODY = YES;
				CLANG_WARN_ENUM_CONVERSION = YES;
				CLANG_WARN_INFINITE_RECURSION = YES;
				CLANG_WARN_INT_CONVERSION = YES;
				CLANG_WARN_NON_LITERAL_NULL_CONVERSION = YES;
				CLANG_WARN_OBJC_IMPLICIT_RETAIN_SELF = YES;
				CLANG_WARN_OBJC_LITERAL_CONVERSION = YES;
				CLANG_WARN_OBJC_ROOT_CLASS = YES_ERROR;
				CLANG_WARN_QUOTED_INCLUDE_IN_FRAMEWORK_HEADER = YES;
				CLANG_WARN_RANGE_LOOP_ANALYSIS = YES;
				CLANG_WARN_STRICT_PROTOTYPES = YES;
				CLANG_WARN_SUSPICIOUS_MOVE = YES;
				CLANG_WARN_UNGUARDED_AVAILABILITY = YES_AGGRESSIVE;
				CLANG_WARN_UNREACHABLE_CODE = YES;
				CLANG_WARN__DUPLICATE_METHOD_MATCH = YES;
				COPY_PHASE_STRIP = NO;
				DEBUG_INFORMATION_FORMAT = "dwarf-with-dsym";
				ENABLE_NS_ASSERTIONS = NO;
				ENABLE_STRICT_OBJC_MSGSEND = YES;
				ENABLE_USER_SCRIPT_SANDBOXING = YES;
				GCC_C_LANGUAGE_STANDARD = gnu17;
				GCC_NO_COMMON_BLOCKS = YES;
				GCC_WARN_64_TO_32_BIT_CONVERSION = YES;
				GCC_WARN_ABOUT_RETURN_TYPE = YES_ERROR;
				GCC_WARN_UNDECLARED_SELECTOR = YES;
				GCC_WARN_UNINITIALIZED_AUTOS = YES_AGGRESSIVE;
				GCC_WARN_UNUSED_FUNCTION = YES;
				GCC_WARN_UNUSED_VARIABLE = YES;
				IPHONEOS_DEPLOYMENT_TARGET = 17.4;
				LOCALIZATION_PREFERS_STRING_CATALOGS = YES;
				MTL_ENABLE_DEBUG_INFO = NO;
				MTL_FAST_MATH = YES;
				SDKROOT = iphoneos;
				SWIFT_COMPILATION_MODE = wholemodule;
				VALIDATE_PRODUCT = YES;
			};
			name = Release;
		};
		628E05D42BBF99680090A6CB /* Debug */ = {
			isa = XCBuildConfiguration;
			buildSettings = {
				ASSETCATALOG_COMPILER_APPICON_NAME = AppIcon;
				ASSETCATALOG_COMPILER_GLOBAL_ACCENT_COLOR_NAME = AccentColor;
				CODE_SIGN_STYLE = Automatic;
				CURRENT_PROJECT_VERSION = 1;
				DEVELOPMENT_TEAM = FQ92952J93;
				GENERATE_INFOPLIST_FILE = YES;
				INFOPLIST_FILE = RickAndMorty/Info.plist;
				INFOPLIST_KEY_UIApplicationSupportsIndirectInputEvents = YES;
				INFOPLIST_KEY_UILaunchStoryboardName = LaunchScreen;
				INFOPLIST_KEY_UISupportedInterfaceOrientations_iPad = "UIInterfaceOrientationPortrait UIInterfaceOrientationPortraitUpsideDown UIInterfaceOrientationLandscapeLeft UIInterfaceOrientationLandscapeRight";
				INFOPLIST_KEY_UISupportedInterfaceOrientations_iPhone = "UIInterfaceOrientationPortrait UIInterfaceOrientationLandscapeLeft UIInterfaceOrientationLandscapeRight";
				LD_RUNPATH_SEARCH_PATHS = (
					"$(inherited)",
					"@executable_path/Frameworks",
				);
				MARKETING_VERSION = 1.0;
				PRODUCT_BUNDLE_IDENTIFIER = co.akremnev.RickAndMorty;
				PRODUCT_NAME = "$(TARGET_NAME)";
				SWIFT_EMIT_LOC_STRINGS = YES;
				SWIFT_VERSION = 5.0;
				TARGETED_DEVICE_FAMILY = "1,2";
			};
			name = Debug;
		};
		628E05D52BBF99680090A6CB /* Release */ = {
			isa = XCBuildConfiguration;
			buildSettings = {
				ASSETCATALOG_COMPILER_APPICON_NAME = AppIcon;
				ASSETCATALOG_COMPILER_GLOBAL_ACCENT_COLOR_NAME = AccentColor;
				CODE_SIGN_STYLE = Automatic;
				CURRENT_PROJECT_VERSION = 1;
				DEVELOPMENT_TEAM = FQ92952J93;
				GENERATE_INFOPLIST_FILE = YES;
				INFOPLIST_FILE = RickAndMorty/Info.plist;
				INFOPLIST_KEY_UIApplicationSupportsIndirectInputEvents = YES;
				INFOPLIST_KEY_UILaunchStoryboardName = LaunchScreen;
				INFOPLIST_KEY_UISupportedInterfaceOrientations_iPad = "UIInterfaceOrientationPortrait UIInterfaceOrientationPortraitUpsideDown UIInterfaceOrientationLandscapeLeft UIInterfaceOrientationLandscapeRight";
				INFOPLIST_KEY_UISupportedInterfaceOrientations_iPhone = "UIInterfaceOrientationPortrait UIInterfaceOrientationLandscapeLeft UIInterfaceOrientationLandscapeRight";
				LD_RUNPATH_SEARCH_PATHS = (
					"$(inherited)",
					"@executable_path/Frameworks",
				);
				MARKETING_VERSION = 1.0;
				PRODUCT_BUNDLE_IDENTIFIER = co.akremnev.RickAndMorty;
				PRODUCT_NAME = "$(TARGET_NAME)";
				SWIFT_EMIT_LOC_STRINGS = YES;
				SWIFT_VERSION = 5.0;
				TARGETED_DEVICE_FAMILY = "1,2";
			};
			name = Release;
		};
/* End XCBuildConfiguration section */

/* Begin XCConfigurationList section */
		628E05BA2BBF99670090A6CB /* Build configuration list for PBXProject "RickAndMorty" */ = {
			isa = XCConfigurationList;
			buildConfigurations = (
				628E05D12BBF99680090A6CB /* Debug */,
				628E05D22BBF99680090A6CB /* Release */,
			);
			defaultConfigurationIsVisible = 0;
			defaultConfigurationName = Release;
		};
		628E05D32BBF99680090A6CB /* Build configuration list for PBXNativeTarget "RickAndMorty" */ = {
			isa = XCConfigurationList;
			buildConfigurations = (
				628E05D42BBF99680090A6CB /* Debug */,
				628E05D52BBF99680090A6CB /* Release */,
			);
			defaultConfigurationIsVisible = 0;
			defaultConfigurationName = Release;
		};
/* End XCConfigurationList section */
	};
	rootObject = 628E05B72BBF99670090A6CB /* Project object */;
}
